
Microsoft Visual Studio Solution File, Format Version 12.00
# Visual Studio 15
VisualStudioVersion = 15.0.26730.16
MinimumVisualStudioVersion = 10.0.40219.1
Project("{FAE04EC0-301F-11D3-BF4B-00C04F79EFBC}") = "Cornucopia.FinancialPlanning.Tests", "src\Cornucopia.FinancialPlanning.Tests\Cornucopia.FinancialPlanning.Tests.csproj", "{2007E97F-7E9E-4434-838D-45F199DCE660}"
EndProject
Project("{FAE04EC0-301F-11D3-BF4B-00C04F79EFBC}") = "Cornucopia.FinancialPlanning", "src\Cornucopia.FinancialPlanning\Cornucopia.FinancialPlanning.csproj", "{1D7C06AF-F608-42DA-B290-94F0A30373F0}"
EndProject
Global
	GlobalSection(SolutionConfigurationPlatforms) = preSolution
		Debug|Any CPU = Debug|Any CPU
		Release|Any CPU = Release|Any CPU
	EndGlobalSection
	GlobalSection(ProjectConfigurationPlatforms) = postSolution
		{2007E97F-7E9E-4434-838D-45F199DCE660}.Debug|Any CPU.ActiveCfg = Debug|Any CPU
		{2007E97F-7E9E-4434-838D-45F199DCE660}.Debug|Any CPU.Build.0 = Debug|Any CPU
		{2007E97F-7E9E-4434-838D-45F199DCE660}.Release|Any CPU.ActiveCfg = Release|Any CPU
		{2007E97F-7E9E-4434-838D-45F199DCE660}.Release|Any CPU.Build.0 = Release|Any CPU
		{1D7C06AF-F608-42DA-B290-94F0A30373F0}.Debug|Any CPU.ActiveCfg = Debug|Any CPU
		{1D7C06AF-F608-42DA-B290-94F0A30373F0}.Debug|Any CPU.Build.0 = Debug|Any CPU
		{1D7C06AF-F608-42DA-B290-94F0A30373F0}.Release|Any CPU.ActiveCfg = Release|Any CPU
		{1D7C06AF-F608-42DA-B290-94F0A30373F0}.Release|Any CPU.Build.0 = Release|Any CPU
	EndGlobalSection
	GlobalSection(SolutionProperties) = preSolution
		HideSolutionNode = FALSE
	EndGlobalSection
	GlobalSection(ExtensibilityGlobals) = postSolution
		SolutionGuid = {507F791A-DCD3-4EE0-BF55-DD3CD8EC63EC}
	EndGlobalSection
EndGlobal
