
Microsoft Visual Studio Solution File, Format Version 12.00
# Visual Studio 15
VisualStudioVersion = 15.0.26730.16
MinimumVisualStudioVersion = 10.0.40219.1
Project("{9A19103F-16F7-4668-BE54-9A1E7A4F7556}") = "Cornucopia.Domain", "Cornucopia.Domain\Cornucopia.Domain.csproj", "{BD8A3F6F-9C8C-4D45-9504-9BB289D3E2FA}"
EndProject
Project("{FAE04EC0-301F-11D3-BF4B-00C04F79EFBC}") = "Cornucopia.Domain.Tests", "Cornucopia.Domain.Tests\Cornucopia.Domain.Tests.csproj", "{4DBDA48E-AC75-44DE-A827-94AE8D900EBB}"
EndProject
Global
	GlobalSection(SolutionConfigurationPlatforms) = preSolution
		Debug|Any CPU = Debug|Any CPU
		Release|Any CPU = Release|Any CPU
	EndGlobalSection
	GlobalSection(ProjectConfigurationPlatforms) = postSolution
		{BD8A3F6F-9C8C-4D45-9504-9BB289D3E2FA}.Debug|Any CPU.ActiveCfg = Debug|Any CPU
		{BD8A3F6F-9C8C-4D45-9504-9BB289D3E2FA}.Debug|Any CPU.Build.0 = Debug|Any CPU
		{BD8A3F6F-9C8C-4D45-9504-9BB289D3E2FA}.Release|Any CPU.ActiveCfg = Release|Any CPU
		{BD8A3F6F-9C8C-4D45-9504-9BB289D3E2FA}.Release|Any CPU.Build.0 = Release|Any CPU
		{4DBDA48E-AC75-44DE-A827-94AE8D900EBB}.Debug|Any CPU.ActiveCfg = Debug|Any CPU
		{4DBDA48E-AC75-44DE-A827-94AE8D900EBB}.Debug|Any CPU.Build.0 = Debug|Any CPU
		{4DBDA48E-AC75-44DE-A827-94AE8D900EBB}.Release|Any CPU.ActiveCfg = Release|Any CPU
		{4DBDA48E-AC75-44DE-A827-94AE8D900EBB}.Release|Any CPU.Build.0 = Release|Any CPU
	EndGlobalSection
	GlobalSection(SolutionProperties) = preSolution
		HideSolutionNode = FALSE
	EndGlobalSection
	GlobalSection(ExtensibilityGlobals) = postSolution
		SolutionGuid = {507F791A-DCD3-4EE0-BF55-DD3CD8EC63EC}
	EndGlobalSection
EndGlobal
